{
  "name": "stoma_web_app",
  "lockfileVersion": 2,
  "requires": true,
  "packages": {
    "": {
      "dependencies": {
        "@fontsource/open-sans": "^4.5.0",
        "@fontsource/raleway": "^4.5.0"
      }
    },
    "node_modules/@fontsource/open-sans": {
      "version": "4.5.0",
      "resolved": "https://registry.npmjs.org/@fontsource/open-sans/-/open-sans-4.5.0.tgz",
      "integrity": "sha512-49+A0IkTTv3cpS1YecrZNCqvlVTThUt/qioiAIZsXfgC3TqavgRqwXXvroXmhVeP/f0sqZw5CRDMS1Hj4aSTbQ=="
    },
    "node_modules/@fontsource/raleway": {
      "version": "4.5.0",
      "resolved": "https://registry.npmjs.org/@fontsource/raleway/-/raleway-4.5.0.tgz",
      "integrity": "sha512-Rzj90wbZQnNzazqzoiu5HzMEMdqMJLUVFOo699sinTXrZRm1aB5iX2HTiK2VlPnH4M6u8yYnJ7CebOyamfWlqw=="
    }
  },
  "dependencies": {
    "@fontsource/open-sans": {
      "version": "4.5.0",
      "resolved": "https://registry.npmjs.org/@fontsource/open-sans/-/open-sans-4.5.0.tgz",
      "integrity": "sha512-49+A0IkTTv3cpS1YecrZNCqvlVTThUt/qioiAIZsXfgC3TqavgRqwXXvroXmhVeP/f0sqZw5CRDMS1Hj4aSTbQ=="
    },
    "@fontsource/raleway": {
      "version": "4.5.0",
      "resolved": "https://registry.npmjs.org/@fontsource/raleway/-/raleway-4.5.0.tgz",
      "integrity": "sha512-Rzj90wbZQnNzazqzoiu5HzMEMdqMJLUVFOo699sinTXrZRm1aB5iX2HTiK2VlPnH4M6u8yYnJ7CebOyamfWlqw=="
    }
  }
}
